// !$*UTF8*$!
{
	archiveVersion = 1;
	classes = {
	};
	objectVersion = 54;
	objects = {

/* Begin PBXBuildFile section */
		00E356F31AD99517003FC87E /* finDiaryTests.m in Sources */ = {isa = PBXBuildFile; fileRef = 00E356F21AD99517003FC87E /* finDiaryTests.m */; };
		0EADD1A2A4FC4F57B0CC5DE7 /* FontAwesome5_Brands.ttf in Resources */ = {isa = PBXBuildFile; fileRef = ECE8BD323F0447579B7ABBC6 /* FontAwesome5_Brands.ttf */; };
		13B07FBC1A68108700A75B9A /* AppDelegate.m in Sources */ = {isa = PBXBuildFile; fileRef = 13B07FB01A68108700A75B9A /* AppDelegate.m */; };
		13B07FBF1A68108700A75B9A /* Images.xcassets in Resources */ = {isa = PBXBuildFile; fileRef = 13B07FB51A68108700A75B9A /* Images.xcassets */; };
		13B07FC11A68108700A75B9A /* main.m in Sources */ = {isa = PBXBuildFile; fileRef = 13B07FB71A68108700A75B9A /* main.m */; };
		14E936E4DC0B4C41A17B44A8 /* BurlingamePro-SemiBoldIt.ttf in Resources */ = {isa = PBXBuildFile; fileRef = 84396505574048DCBB430B14 /* BurlingamePro-SemiBoldIt.ttf */; };
		166C31EB68A24572A28E19E4 /* Entypo.ttf in Resources */ = {isa = PBXBuildFile; fileRef = 65409167AE7D426597D70932 /* Entypo.ttf */; };
		17E3936639CA4B2FA03AB5D7 /* EvilIcons.ttf in Resources */ = {isa = PBXBuildFile; fileRef = 083C7F76EBCD43D1B724B740 /* EvilIcons.ttf */; };
		189C14265DEF4ABC95FC8A10 /* BurlingamePro-Regular.ttf in Resources */ = {isa = PBXBuildFile; fileRef = 38BA83DC871E4025AF278780 /* BurlingamePro-Regular.ttf */; };
		1A65593718DA47B79111F646 /* FontAwesome5_Regular.ttf in Resources */ = {isa = PBXBuildFile; fileRef = 8C4E62A23D754F5197F55FF9 /* FontAwesome5_Regular.ttf */; };
		25958AC4C2A842589263688E /* MaterialIcons.ttf in Resources */ = {isa = PBXBuildFile; fileRef = B44517BE1CC54A1DBB9B99BA /* MaterialIcons.ttf */; };
		266B5189BBA945F8B85A554F /* Foundation.ttf in Resources */ = {isa = PBXBuildFile; fileRef = 27C20D1D40C747A8BF63470F /* Foundation.ttf */; };
		2B5C65236668489D8F43F5E5 /* Fontisto.ttf in Resources */ = {isa = PBXBuildFile; fileRef = 2D71E6C6F11F4A4589F13718 /* Fontisto.ttf */; };
		362A8757ED7B492DA37D439E /* BurlingamePro-Thin.ttf in Resources */ = {isa = PBXBuildFile; fileRef = 3FB413F09D304794A252EDEB /* BurlingamePro-Thin.ttf */; };
		363D0AF714A2405FA9D89E54 /* MaterialCommunityIcons.ttf in Resources */ = {isa = PBXBuildFile; fileRef = 51D57CC2A11645E59B454B4F /* MaterialCommunityIcons.ttf */; };
		3A6F85813544C122A08E24FE /* libPods-finDiary.a in Frameworks */ = {isa = PBXBuildFile; fileRef = F7513C57EB1A2A3F7276061E /* libPods-finDiary.a */; };
		4325B568F0DF4A978FED5EA5 /* Zocial.ttf in Resources */ = {isa = PBXBuildFile; fileRef = 65B268C358B34C3FAC7BD9C9 /* Zocial.ttf */; };
		5ADB536DD7F842CFB93346D2 /* Octicons.ttf in Resources */ = {isa = PBXBuildFile; fileRef = 317A24EC71D449B4BD65BA3B /* Octicons.ttf */; };
		5BA20302AD434D89B0003FE3 /* FontAwesome5_Solid.ttf in Resources */ = {isa = PBXBuildFile; fileRef = 15FB15DE99B8446884C8DA6D /* FontAwesome5_Solid.ttf */; };
		62302CB432B44F358D77C024 /* AntDesign.ttf in Resources */ = {isa = PBXBuildFile; fileRef = E11E5B8405564D028547F86C /* AntDesign.ttf */; };
		6D909C9C41474E0094C610EA /* BurlingamePro-CnSemiBoldIt.ttf in Resources */ = {isa = PBXBuildFile; fileRef = 7CBBBA5AE3814995AFEA7231 /* BurlingamePro-CnSemiBoldIt.ttf */; };
		6F45DA53EBBD44D29B2F8B58 /* FontAwesome.ttf in Resources */ = {isa = PBXBuildFile; fileRef = 3E6983018B9D4634A96B91E4 /* FontAwesome.ttf */; };
		81AB9BB82411601600AC10FF /* LaunchScreen.storyboard in Resources */ = {isa = PBXBuildFile; fileRef = 81AB9BB72411601600AC10FF /* LaunchScreen.storyboard */; };
		8BCE00FB83644F17BA614CA3 /* BurlingamePro-CondBold.ttf in Resources */ = {isa = PBXBuildFile; fileRef = 77AB43B87E6A4B5CAA229F7A /* BurlingamePro-CondBold.ttf */; };
		8D2CD6B0A3C74B2B8CF0C2B1 /* BurlingamePro-Light.ttf in Resources */ = {isa = PBXBuildFile; fileRef = 81ECFEA4C6D74E77A3A895F8 /* BurlingamePro-Light.ttf */; };
		9B0C18DA3A4B4CF2B9B024F2 /* BurlingamePro-CondMedium.ttf in Resources */ = {isa = PBXBuildFile; fileRef = 14AC5E266A11471985B35A4D /* BurlingamePro-CondMedium.ttf */; };
		9DDF76AF63CD4E5C9C6E1593 /* BurlingamePro-BoldItalic.ttf in Resources */ = {isa = PBXBuildFile; fileRef = 172A9367D56A427CA6A1ED21 /* BurlingamePro-BoldItalic.ttf */; };
		A5E77EDF8CA543B6B74AA097 /* BurlingamePro-CondBlackIt.ttf in Resources */ = {isa = PBXBuildFile; fileRef = CB89D52CFE3B42E6AC6ED376 /* BurlingamePro-CondBlackIt.ttf */; };
		A883441D930D4B0ABBD3F4CA /* BurlingamePro-MediumItalic.ttf in Resources */ = {isa = PBXBuildFile; fileRef = 2E9493BFE17B480CA8701455 /* BurlingamePro-MediumItalic.ttf */; };
		A8B04382477D4565801BCAFD /* SimpleLineIcons.ttf in Resources */ = {isa = PBXBuildFile; fileRef = E793981CB1A943998A664C19 /* SimpleLineIcons.ttf */; };
		AE90E2E3C64C4D26AF8F9D0E /* BurlingamePro-SemiBold.ttf in Resources */ = {isa = PBXBuildFile; fileRef = F255319D371845539FEB16CE /* BurlingamePro-SemiBold.ttf */; };
		B615543C6F4546069E8FB31A /* BurlingamePro-CondSemiBold.ttf in Resources */ = {isa = PBXBuildFile; fileRef = 120EFF49EB074E2DBF98DF5A /* BurlingamePro-CondSemiBold.ttf */; };
		B64B692D4D6E450A9F26FB78 /* BurlingamePro-LightItalic.ttf in Resources */ = {isa = PBXBuildFile; fileRef = 5E0EB05C1AFD4374A3866334 /* BurlingamePro-LightItalic.ttf */; };
		C83554CC330E48F6BF554368 /* BurlingamePro-Medium.ttf in Resources */ = {isa = PBXBuildFile; fileRef = 5E2D9C7272D942CE97C904FA /* BurlingamePro-Medium.ttf */; };
		D4085B592E0849A2A59EC939 /* BurlingamePro-CondBlack.ttf in Resources */ = {isa = PBXBuildFile; fileRef = 708C50F5D2CE4C99BF3BBEEB /* BurlingamePro-CondBlack.ttf */; };
		ED2B04DC0A6C4D9AB956DBE0 /* Feather.ttf in Resources */ = {isa = PBXBuildFile; fileRef = FAD207785D8846EE98BC2882 /* Feather.ttf */; };
		FC470E86DE334920893F39CE /* Ionicons.ttf in Resources */ = {isa = PBXBuildFile; fileRef = 47B23067596A4671B80B7A47 /* Ionicons.ttf */; };
		FC6BC7047A13A1EEDD81F20B /* libPods-finDiary-finDiaryTests.a in Frameworks */ = {isa = PBXBuildFile; fileRef = F705FB7910E8E36750C7C6F6 /* libPods-finDiary-finDiaryTests.a */; };
/* End PBXBuildFile section */

/* Begin PBXContainerItemProxy section */
		00E356F41AD99517003FC87E /* PBXContainerItemProxy */ = {
			isa = PBXContainerItemProxy;
			containerPortal = 83CBB9F71A601CBA00E9B192 /* Project object */;
			proxyType = 1;
			remoteGlobalIDString = 13B07F861A680F5B00A75B9A;
			remoteInfo = finDiary;
		};
/* End PBXContainerItemProxy section */

/* Begin PBXFileReference section */
		00E356EE1AD99517003FC87E /* finDiaryTests.xctest */ = {isa = PBXFileReference; explicitFileType = wrapper.cfbundle; includeInIndex = 0; path = finDiaryTests.xctest; sourceTree = BUILT_PRODUCTS_DIR; };
		00E356F11AD99517003FC87E /* Info.plist */ = {isa = PBXFileReference; lastKnownFileType = text.plist.xml; path = Info.plist; sourceTree = "<group>"; };
		00E356F21AD99517003FC87E /* finDiaryTests.m */ = {isa = PBXFileReference; lastKnownFileType = sourcecode.c.objc; path = finDiaryTests.m; sourceTree = "<group>"; };
		083C7F76EBCD43D1B724B740 /* EvilIcons.ttf */ = {isa = PBXFileReference; explicitFileType = undefined; fileEncoding = 9; includeInIndex = 0; lastKnownFileType = unknown; name = EvilIcons.ttf; path = "../node_modules/react-native-vector-icons/Fonts/EvilIcons.ttf"; sourceTree = "<group>"; };
		120EFF49EB074E2DBF98DF5A /* BurlingamePro-CondSemiBold.ttf */ = {isa = PBXFileReference; explicitFileType = undefined; fileEncoding = 9; includeInIndex = 0; lastKnownFileType = unknown; name = "BurlingamePro-CondSemiBold.ttf"; path = "../assets/fonts/BurlingamePro-CondSemiBold.ttf"; sourceTree = "<group>"; };
		13B07F961A680F5B00A75B9A /* finDiary.app */ = {isa = PBXFileReference; explicitFileType = wrapper.application; includeInIndex = 0; path = finDiary.app; sourceTree = BUILT_PRODUCTS_DIR; };
		13B07FAF1A68108700A75B9A /* AppDelegate.h */ = {isa = PBXFileReference; fileEncoding = 4; lastKnownFileType = sourcecode.c.h; name = AppDelegate.h; path = finDiary/AppDelegate.h; sourceTree = "<group>"; };
		13B07FB01A68108700A75B9A /* AppDelegate.m */ = {isa = PBXFileReference; fileEncoding = 4; lastKnownFileType = sourcecode.c.objc; name = AppDelegate.m; path = finDiary/AppDelegate.m; sourceTree = "<group>"; };
		13B07FB51A68108700A75B9A /* Images.xcassets */ = {isa = PBXFileReference; lastKnownFileType = folder.assetcatalog; name = Images.xcassets; path = finDiary/Images.xcassets; sourceTree = "<group>"; };
		13B07FB61A68108700A75B9A /* Info.plist */ = {isa = PBXFileReference; fileEncoding = 4; lastKnownFileType = text.plist.xml; name = Info.plist; path = finDiary/Info.plist; sourceTree = "<group>"; };
		13B07FB71A68108700A75B9A /* main.m */ = {isa = PBXFileReference; fileEncoding = 4; lastKnownFileType = sourcecode.c.objc; name = main.m; path = finDiary/main.m; sourceTree = "<group>"; };
		14AC5E266A11471985B35A4D /* BurlingamePro-CondMedium.ttf */ = {isa = PBXFileReference; explicitFileType = undefined; fileEncoding = 9; includeInIndex = 0; lastKnownFileType = unknown; name = "BurlingamePro-CondMedium.ttf"; path = "../assets/fonts/BurlingamePro-CondMedium.ttf"; sourceTree = "<group>"; };
		15FB15DE99B8446884C8DA6D /* FontAwesome5_Solid.ttf */ = {isa = PBXFileReference; explicitFileType = undefined; fileEncoding = 9; includeInIndex = 0; lastKnownFileType = unknown; name = FontAwesome5_Solid.ttf; path = "../node_modules/react-native-vector-icons/Fonts/FontAwesome5_Solid.ttf"; sourceTree = "<group>"; };
		172A9367D56A427CA6A1ED21 /* BurlingamePro-BoldItalic.ttf */ = {isa = PBXFileReference; explicitFileType = undefined; fileEncoding = 9; includeInIndex = 0; lastKnownFileType = unknown; name = "BurlingamePro-BoldItalic.ttf"; path = "../assets/fonts/BurlingamePro-BoldItalic.ttf"; sourceTree = "<group>"; };
		27C20D1D40C747A8BF63470F /* Foundation.ttf */ = {isa = PBXFileReference; explicitFileType = undefined; fileEncoding = 9; includeInIndex = 0; lastKnownFileType = unknown; name = Foundation.ttf; path = "../node_modules/react-native-vector-icons/Fonts/Foundation.ttf"; sourceTree = "<group>"; };
		2910CAB25F1B5C5F46F63C68 /* Pods-finDiary-finDiaryTests.release.xcconfig */ = {isa = PBXFileReference; includeInIndex = 1; lastKnownFileType = text.xcconfig; name = "Pods-finDiary-finDiaryTests.release.xcconfig"; path = "Target Support Files/Pods-finDiary-finDiaryTests/Pods-finDiary-finDiaryTests.release.xcconfig"; sourceTree = "<group>"; };
		2D71E6C6F11F4A4589F13718 /* Fontisto.ttf */ = {isa = PBXFileReference; explicitFileType = undefined; fileEncoding = 9; includeInIndex = 0; lastKnownFileType = unknown; name = Fontisto.ttf; path = "../node_modules/react-native-vector-icons/Fonts/Fontisto.ttf"; sourceTree = "<group>"; };
		2E9493BFE17B480CA8701455 /* BurlingamePro-MediumItalic.ttf */ = {isa = PBXFileReference; explicitFileType = undefined; fileEncoding = 9; includeInIndex = 0; lastKnownFileType = unknown; name = "BurlingamePro-MediumItalic.ttf"; path = "../assets/fonts/BurlingamePro-MediumItalic.ttf"; sourceTree = "<group>"; };
		317A24EC71D449B4BD65BA3B /* Octicons.ttf */ = {isa = PBXFileReference; explicitFileType = undefined; fileEncoding = 9; includeInIndex = 0; lastKnownFileType = unknown; name = Octicons.ttf; path = "../node_modules/react-native-vector-icons/Fonts/Octicons.ttf"; sourceTree = "<group>"; };
		38BA83DC871E4025AF278780 /* BurlingamePro-Regular.ttf */ = {isa = PBXFileReference; explicitFileType = undefined; fileEncoding = 9; includeInIndex = 0; lastKnownFileType = unknown; name = "BurlingamePro-Regular.ttf"; path = "../assets/fonts/BurlingamePro-Regular.ttf"; sourceTree = "<group>"; };
		3E6983018B9D4634A96B91E4 /* FontAwesome.ttf */ = {isa = PBXFileReference; explicitFileType = undefined; fileEncoding = 9; includeInIndex = 0; lastKnownFileType = unknown; name = FontAwesome.ttf; path = "../node_modules/react-native-vector-icons/Fonts/FontAwesome.ttf"; sourceTree = "<group>"; };
		3FB413F09D304794A252EDEB /* BurlingamePro-Thin.ttf */ = {isa = PBXFileReference; explicitFileType = undefined; fileEncoding = 9; includeInIndex = 0; lastKnownFileType = unknown; name = "BurlingamePro-Thin.ttf"; path = "../assets/fonts/BurlingamePro-Thin.ttf"; sourceTree = "<group>"; };
		47B23067596A4671B80B7A47 /* Ionicons.ttf */ = {isa = PBXFileReference; explicitFileType = undefined; fileEncoding = 9; includeInIndex = 0; lastKnownFileType = unknown; name = Ionicons.ttf; path = "../node_modules/react-native-vector-icons/Fonts/Ionicons.ttf"; sourceTree = "<group>"; };
		51D57CC2A11645E59B454B4F /* MaterialCommunityIcons.ttf */ = {isa = PBXFileReference; explicitFileType = undefined; fileEncoding = 9; includeInIndex = 0; lastKnownFileType = unknown; name = MaterialCommunityIcons.ttf; path = "../node_modules/react-native-vector-icons/Fonts/MaterialCommunityIcons.ttf"; sourceTree = "<group>"; };
		5E0EB05C1AFD4374A3866334 /* BurlingamePro-LightItalic.ttf */ = {isa = PBXFileReference; explicitFileType = undefined; fileEncoding = 9; includeInIndex = 0; lastKnownFileType = unknown; name = "BurlingamePro-LightItalic.ttf"; path = "../assets/fonts/BurlingamePro-LightItalic.ttf"; sourceTree = "<group>"; };
		5E2D9C7272D942CE97C904FA /* BurlingamePro-Medium.ttf */ = {isa = PBXFileReference; explicitFileType = undefined; fileEncoding = 9; includeInIndex = 0; lastKnownFileType = unknown; name = "BurlingamePro-Medium.ttf"; path = "../assets/fonts/BurlingamePro-Medium.ttf"; sourceTree = "<group>"; };
		5ED0B848510B9990863F4C57 /* Pods-finDiary.debug.xcconfig */ = {isa = PBXFileReference; includeInIndex = 1; lastKnownFileType = text.xcconfig; name = "Pods-finDiary.debug.xcconfig"; path = "Target Support Files/Pods-finDiary/Pods-finDiary.debug.xcconfig"; sourceTree = "<group>"; };
		65409167AE7D426597D70932 /* Entypo.ttf */ = {isa = PBXFileReference; explicitFileType = undefined; fileEncoding = 9; includeInIndex = 0; lastKnownFileType = unknown; name = Entypo.ttf; path = "../node_modules/react-native-vector-icons/Fonts/Entypo.ttf"; sourceTree = "<group>"; };
		65B268C358B34C3FAC7BD9C9 /* Zocial.ttf */ = {isa = PBXFileReference; explicitFileType = undefined; fileEncoding = 9; includeInIndex = 0; lastKnownFileType = unknown; name = Zocial.ttf; path = "../node_modules/react-native-vector-icons/Fonts/Zocial.ttf"; sourceTree = "<group>"; };
		708C50F5D2CE4C99BF3BBEEB /* BurlingamePro-CondBlack.ttf */ = {isa = PBXFileReference; explicitFileType = undefined; fileEncoding = 9; includeInIndex = 0; lastKnownFileType = unknown; name = "BurlingamePro-CondBlack.ttf"; path = "../assets/fonts/BurlingamePro-CondBlack.ttf"; sourceTree = "<group>"; };
		77AB43B87E6A4B5CAA229F7A /* BurlingamePro-CondBold.ttf */ = {isa = PBXFileReference; explicitFileType = undefined; fileEncoding = 9; includeInIndex = 0; lastKnownFileType = unknown; name = "BurlingamePro-CondBold.ttf"; path = "../assets/fonts/BurlingamePro-CondBold.ttf"; sourceTree = "<group>"; };
		7CBBBA5AE3814995AFEA7231 /* BurlingamePro-CnSemiBoldIt.ttf */ = {isa = PBXFileReference; explicitFileType = undefined; fileEncoding = 9; includeInIndex = 0; lastKnownFileType = unknown; name = "BurlingamePro-CnSemiBoldIt.ttf"; path = "../assets/fonts/BurlingamePro-CnSemiBoldIt.ttf"; sourceTree = "<group>"; };
		81AB9BB72411601600AC10FF /* LaunchScreen.storyboard */ = {isa = PBXFileReference; fileEncoding = 4; lastKnownFileType = file.storyboard; name = LaunchScreen.storyboard; path = finDiary/LaunchScreen.storyboard; sourceTree = "<group>"; };
		81ECFEA4C6D74E77A3A895F8 /* BurlingamePro-Light.ttf */ = {isa = PBXFileReference; explicitFileType = undefined; fileEncoding = 9; includeInIndex = 0; lastKnownFileType = unknown; name = "BurlingamePro-Light.ttf"; path = "../assets/fonts/BurlingamePro-Light.ttf"; sourceTree = "<group>"; };
		84396505574048DCBB430B14 /* BurlingamePro-SemiBoldIt.ttf */ = {isa = PBXFileReference; explicitFileType = undefined; fileEncoding = 9; includeInIndex = 0; lastKnownFileType = unknown; name = "BurlingamePro-SemiBoldIt.ttf"; path = "../assets/fonts/BurlingamePro-SemiBoldIt.ttf"; sourceTree = "<group>"; };
		8C4E62A23D754F5197F55FF9 /* FontAwesome5_Regular.ttf */ = {isa = PBXFileReference; explicitFileType = undefined; fileEncoding = 9; includeInIndex = 0; lastKnownFileType = unknown; name = FontAwesome5_Regular.ttf; path = "../node_modules/react-native-vector-icons/Fonts/FontAwesome5_Regular.ttf"; sourceTree = "<group>"; };
		B44517BE1CC54A1DBB9B99BA /* MaterialIcons.ttf */ = {isa = PBXFileReference; explicitFileType = undefined; fileEncoding = 9; includeInIndex = 0; lastKnownFileType = unknown; name = MaterialIcons.ttf; path = "../node_modules/react-native-vector-icons/Fonts/MaterialIcons.ttf"; sourceTree = "<group>"; };
		CB89D52CFE3B42E6AC6ED376 /* BurlingamePro-CondBlackIt.ttf */ = {isa = PBXFileReference; explicitFileType = undefined; fileEncoding = 9; includeInIndex = 0; lastKnownFileType = unknown; name = "BurlingamePro-CondBlackIt.ttf"; path = "../assets/fonts/BurlingamePro-CondBlackIt.ttf"; sourceTree = "<group>"; };
		D8F27EAFC297633F2A6D2343 /* Pods-finDiary-finDiaryTests.debug.xcconfig */ = {isa = PBXFileReference; includeInIndex = 1; lastKnownFileType = text.xcconfig; name = "Pods-finDiary-finDiaryTests.debug.xcconfig"; path = "Target Support Files/Pods-finDiary-finDiaryTests/Pods-finDiary-finDiaryTests.debug.xcconfig"; sourceTree = "<group>"; };
		E11E5B8405564D028547F86C /* AntDesign.ttf */ = {isa = PBXFileReference; explicitFileType = undefined; fileEncoding = 9; includeInIndex = 0; lastKnownFileType = unknown; name = AntDesign.ttf; path = "../node_modules/react-native-vector-icons/Fonts/AntDesign.ttf"; sourceTree = "<group>"; };
		E793981CB1A943998A664C19 /* SimpleLineIcons.ttf */ = {isa = PBXFileReference; explicitFileType = undefined; fileEncoding = 9; includeInIndex = 0; lastKnownFileType = unknown; name = SimpleLineIcons.ttf; path = "../node_modules/react-native-vector-icons/Fonts/SimpleLineIcons.ttf"; sourceTree = "<group>"; };
		ECE8BD323F0447579B7ABBC6 /* FontAwesome5_Brands.ttf */ = {isa = PBXFileReference; explicitFileType = undefined; fileEncoding = 9; includeInIndex = 0; lastKnownFileType = unknown; name = FontAwesome5_Brands.ttf; path = "../node_modules/react-native-vector-icons/Fonts/FontAwesome5_Brands.ttf"; sourceTree = "<group>"; };
		ED297162215061F000B7C4FE /* JavaScriptCore.framework */ = {isa = PBXFileReference; lastKnownFileType = wrapper.framework; name = JavaScriptCore.framework; path = System/Library/Frameworks/JavaScriptCore.framework; sourceTree = SDKROOT; };
		F255319D371845539FEB16CE /* BurlingamePro-SemiBold.ttf */ = {isa = PBXFileReference; explicitFileType = undefined; fileEncoding = 9; includeInIndex = 0; lastKnownFileType = unknown; name = "BurlingamePro-SemiBold.ttf"; path = "../assets/fonts/BurlingamePro-SemiBold.ttf"; sourceTree = "<group>"; };
		F31956C5DFDD4BC9D2E6EEA3 /* Pods-finDiary.release.xcconfig */ = {isa = PBXFileReference; includeInIndex = 1; lastKnownFileType = text.xcconfig; name = "Pods-finDiary.release.xcconfig"; path = "Target Support Files/Pods-finDiary/Pods-finDiary.release.xcconfig"; sourceTree = "<group>"; };
		F705FB7910E8E36750C7C6F6 /* libPods-finDiary-finDiaryTests.a */ = {isa = PBXFileReference; explicitFileType = archive.ar; includeInIndex = 0; path = "libPods-finDiary-finDiaryTests.a"; sourceTree = BUILT_PRODUCTS_DIR; };
		F7513C57EB1A2A3F7276061E /* libPods-finDiary.a */ = {isa = PBXFileReference; explicitFileType = archive.ar; includeInIndex = 0; path = "libPods-finDiary.a"; sourceTree = BUILT_PRODUCTS_DIR; };
		FAD207785D8846EE98BC2882 /* Feather.ttf */ = {isa = PBXFileReference; explicitFileType = undefined; fileEncoding = 9; includeInIndex = 0; lastKnownFileType = unknown; name = Feather.ttf; path = "../node_modules/react-native-vector-icons/Fonts/Feather.ttf"; sourceTree = "<group>"; };
/* End PBXFileReference section */

/* Begin PBXFrameworksBuildPhase section */
		00E356EB1AD99517003FC87E /* Frameworks */ = {
			isa = PBXFrameworksBuildPhase;
			buildActionMask = 2147483647;
			files = (
				FC6BC7047A13A1EEDD81F20B /* libPods-finDiary-finDiaryTests.a in Frameworks */,
			);
			runOnlyForDeploymentPostprocessing = 0;
		};
		13B07F8C1A680F5B00A75B9A /* Frameworks */ = {
			isa = PBXFrameworksBuildPhase;
			buildActionMask = 2147483647;
			files = (
				3A6F85813544C122A08E24FE /* libPods-finDiary.a in Frameworks */,
			);
			runOnlyForDeploymentPostprocessing = 0;
		};
/* End PBXFrameworksBuildPhase section */

/* Begin PBXGroup section */
		00E356EF1AD99517003FC87E /* finDiaryTests */ = {
			isa = PBXGroup;
			children = (
				00E356F21AD99517003FC87E /* finDiaryTests.m */,
				00E356F01AD99517003FC87E /* Supporting Files */,
			);
			path = finDiaryTests;
			sourceTree = "<group>";
		};
		00E356F01AD99517003FC87E /* Supporting Files */ = {
			isa = PBXGroup;
			children = (
				00E356F11AD99517003FC87E /* Info.plist */,
			);
			name = "Supporting Files";
			sourceTree = "<group>";
		};
		13B07FAE1A68108700A75B9A /* finDiary */ = {
			isa = PBXGroup;
			children = (
				13B07FAF1A68108700A75B9A /* AppDelegate.h */,
				13B07FB01A68108700A75B9A /* AppDelegate.m */,
				13B07FB51A68108700A75B9A /* Images.xcassets */,
				13B07FB61A68108700A75B9A /* Info.plist */,
				81AB9BB72411601600AC10FF /* LaunchScreen.storyboard */,
				13B07FB71A68108700A75B9A /* main.m */,
			);
			name = finDiary;
			sourceTree = "<group>";
		};
		2D16E6871FA4F8E400B85C8A /* Frameworks */ = {
			isa = PBXGroup;
			children = (
				ED297162215061F000B7C4FE /* JavaScriptCore.framework */,
				F7513C57EB1A2A3F7276061E /* libPods-finDiary.a */,
				F705FB7910E8E36750C7C6F6 /* libPods-finDiary-finDiaryTests.a */,
			);
			name = Frameworks;
			sourceTree = "<group>";
		};
		4971933BA59EA081444E99CB /* Pods */ = {
			isa = PBXGroup;
			children = (
				5ED0B848510B9990863F4C57 /* Pods-finDiary.debug.xcconfig */,
				F31956C5DFDD4BC9D2E6EEA3 /* Pods-finDiary.release.xcconfig */,
				D8F27EAFC297633F2A6D2343 /* Pods-finDiary-finDiaryTests.debug.xcconfig */,
				2910CAB25F1B5C5F46F63C68 /* Pods-finDiary-finDiaryTests.release.xcconfig */,
			);
			path = Pods;
			sourceTree = "<group>";
		};
		832341AE1AAA6A7D00B99B32 /* Libraries */ = {
			isa = PBXGroup;
			children = (
			);
			name = Libraries;
			sourceTree = "<group>";
		};
		83CBB9F61A601CBA00E9B192 = {
			isa = PBXGroup;
			children = (
				13B07FAE1A68108700A75B9A /* finDiary */,
				832341AE1AAA6A7D00B99B32 /* Libraries */,
				00E356EF1AD99517003FC87E /* finDiaryTests */,
				83CBBA001A601CBA00E9B192 /* Products */,
				2D16E6871FA4F8E400B85C8A /* Frameworks */,
				4971933BA59EA081444E99CB /* Pods */,
				C4B88D19DB074F8F909D1E10 /* Resources */,
			);
			indentWidth = 2;
			sourceTree = "<group>";
			tabWidth = 2;
			usesTabs = 0;
		};
		83CBBA001A601CBA00E9B192 /* Products */ = {
			isa = PBXGroup;
			children = (
				13B07F961A680F5B00A75B9A /* finDiary.app */,
				00E356EE1AD99517003FC87E /* finDiaryTests.xctest */,
			);
			name = Products;
			sourceTree = "<group>";
		};
		C4B88D19DB074F8F909D1E10 /* Resources */ = {
			isa = PBXGroup;
			children = (
				E11E5B8405564D028547F86C /* AntDesign.ttf */,
				65409167AE7D426597D70932 /* Entypo.ttf */,
				083C7F76EBCD43D1B724B740 /* EvilIcons.ttf */,
				FAD207785D8846EE98BC2882 /* Feather.ttf */,
				3E6983018B9D4634A96B91E4 /* FontAwesome.ttf */,
				ECE8BD323F0447579B7ABBC6 /* FontAwesome5_Brands.ttf */,
				8C4E62A23D754F5197F55FF9 /* FontAwesome5_Regular.ttf */,
				15FB15DE99B8446884C8DA6D /* FontAwesome5_Solid.ttf */,
				2D71E6C6F11F4A4589F13718 /* Fontisto.ttf */,
				27C20D1D40C747A8BF63470F /* Foundation.ttf */,
				47B23067596A4671B80B7A47 /* Ionicons.ttf */,
				51D57CC2A11645E59B454B4F /* MaterialCommunityIcons.ttf */,
				B44517BE1CC54A1DBB9B99BA /* MaterialIcons.ttf */,
				317A24EC71D449B4BD65BA3B /* Octicons.ttf */,
				E793981CB1A943998A664C19 /* SimpleLineIcons.ttf */,
				65B268C358B34C3FAC7BD9C9 /* Zocial.ttf */,
				172A9367D56A427CA6A1ED21 /* BurlingamePro-BoldItalic.ttf */,
				7CBBBA5AE3814995AFEA7231 /* BurlingamePro-CnSemiBoldIt.ttf */,
				708C50F5D2CE4C99BF3BBEEB /* BurlingamePro-CondBlack.ttf */,
				CB89D52CFE3B42E6AC6ED376 /* BurlingamePro-CondBlackIt.ttf */,
				77AB43B87E6A4B5CAA229F7A /* BurlingamePro-CondBold.ttf */,
				14AC5E266A11471985B35A4D /* BurlingamePro-CondMedium.ttf */,
				120EFF49EB074E2DBF98DF5A /* BurlingamePro-CondSemiBold.ttf */,
				81ECFEA4C6D74E77A3A895F8 /* BurlingamePro-Light.ttf */,
				5E0EB05C1AFD4374A3866334 /* BurlingamePro-LightItalic.ttf */,
				5E2D9C7272D942CE97C904FA /* BurlingamePro-Medium.ttf */,
				2E9493BFE17B480CA8701455 /* BurlingamePro-MediumItalic.ttf */,
				38BA83DC871E4025AF278780 /* BurlingamePro-Regular.ttf */,
				F255319D371845539FEB16CE /* BurlingamePro-SemiBold.ttf */,
				84396505574048DCBB430B14 /* BurlingamePro-SemiBoldIt.ttf */,
				3FB413F09D304794A252EDEB /* BurlingamePro-Thin.ttf */,
			);
			name = Resources;
			sourceTree = "<group>";
		};
/* End PBXGroup section */

/* Begin PBXNativeTarget section */
		00E356ED1AD99517003FC87E /* finDiaryTests */ = {
			isa = PBXNativeTarget;
			buildConfigurationList = 00E357021AD99517003FC87E /* Build configuration list for PBXNativeTarget "finDiaryTests" */;
			buildPhases = (
				466398098D55863BBC709829 /* [CP] Check Pods Manifest.lock */,
				00E356EA1AD99517003FC87E /* Sources */,
				00E356EB1AD99517003FC87E /* Frameworks */,
				00E356EC1AD99517003FC87E /* Resources */,
				E31893BA6354536DDE8A886B /* [CP] Embed Pods Frameworks */,
				5F0126DBD4CD5715DB1CF339 /* [CP] Copy Pods Resources */,
			);
			buildRules = (
			);
			dependencies = (
				00E356F51AD99517003FC87E /* PBXTargetDependency */,
			);
			name = finDiaryTests;
			productName = finDiaryTests;
			productReference = 00E356EE1AD99517003FC87E /* finDiaryTests.xctest */;
			productType = "com.apple.product-type.bundle.unit-test";
		};
		13B07F861A680F5B00A75B9A /* finDiary */ = {
			isa = PBXNativeTarget;
			buildConfigurationList = 13B07F931A680F5B00A75B9A /* Build configuration list for PBXNativeTarget "finDiary" */;
			buildPhases = (
				209067FCC421757E0E06324B /* [CP] Check Pods Manifest.lock */,
				FD10A7F022414F080027D42C /* Start Packager */,
				13B07F871A680F5B00A75B9A /* Sources */,
				13B07F8C1A680F5B00A75B9A /* Frameworks */,
				13B07F8E1A680F5B00A75B9A /* Resources */,
				00DD1BFF1BD5951E006B06BC /* Bundle React Native code and images */,
				F4099F86DFF6DB279747EB10 /* [CP] Embed Pods Frameworks */,
				84A94F3D73E587D71A323B48 /* [CP] Copy Pods Resources */,
			);
			buildRules = (
			);
			dependencies = (
			);
			name = finDiary;
			productName = finDiary;
			productReference = 13B07F961A680F5B00A75B9A /* finDiary.app */;
			productType = "com.apple.product-type.application";
		};
/* End PBXNativeTarget section */

/* Begin PBXProject section */
		83CBB9F71A601CBA00E9B192 /* Project object */ = {
			isa = PBXProject;
			attributes = {
				LastUpgradeCheck = 1210;
				TargetAttributes = {
					00E356ED1AD99517003FC87E = {
						CreatedOnToolsVersion = 6.2;
						TestTargetID = 13B07F861A680F5B00A75B9A;
					};
					13B07F861A680F5B00A75B9A = {
						LastSwiftMigration = 1120;
					};
				};
			};
			buildConfigurationList = 83CBB9FA1A601CBA00E9B192 /* Build configuration list for PBXProject "finDiary" */;
			compatibilityVersion = "Xcode 12.0";
			developmentRegion = en;
			hasScannedForEncodings = 0;
			knownRegions = (
				en,
				Base,
			);
			mainGroup = 83CBB9F61A601CBA00E9B192;
			productRefGroup = 83CBBA001A601CBA00E9B192 /* Products */;
			projectDirPath = "";
			projectRoot = "";
			targets = (
				13B07F861A680F5B00A75B9A /* finDiary */,
				00E356ED1AD99517003FC87E /* finDiaryTests */,
			);
		};
/* End PBXProject section */

/* Begin PBXResourcesBuildPhase section */
		00E356EC1AD99517003FC87E /* Resources */ = {
			isa = PBXResourcesBuildPhase;
			buildActionMask = 2147483647;
			files = (
			);
			runOnlyForDeploymentPostprocessing = 0;
		};
		13B07F8E1A680F5B00A75B9A /* Resources */ = {
			isa = PBXResourcesBuildPhase;
			buildActionMask = 2147483647;
			files = (
				81AB9BB82411601600AC10FF /* LaunchScreen.storyboard in Resources */,
				13B07FBF1A68108700A75B9A /* Images.xcassets in Resources */,
				62302CB432B44F358D77C024 /* AntDesign.ttf in Resources */,
				166C31EB68A24572A28E19E4 /* Entypo.ttf in Resources */,
				17E3936639CA4B2FA03AB5D7 /* EvilIcons.ttf in Resources */,
				ED2B04DC0A6C4D9AB956DBE0 /* Feather.ttf in Resources */,
				6F45DA53EBBD44D29B2F8B58 /* FontAwesome.ttf in Resources */,
				0EADD1A2A4FC4F57B0CC5DE7 /* FontAwesome5_Brands.ttf in Resources */,
				1A65593718DA47B79111F646 /* FontAwesome5_Regular.ttf in Resources */,
				5BA20302AD434D89B0003FE3 /* FontAwesome5_Solid.ttf in Resources */,
				2B5C65236668489D8F43F5E5 /* Fontisto.ttf in Resources */,
				266B5189BBA945F8B85A554F /* Foundation.ttf in Resources */,
				FC470E86DE334920893F39CE /* Ionicons.ttf in Resources */,
				363D0AF714A2405FA9D89E54 /* MaterialCommunityIcons.ttf in Resources */,
				25958AC4C2A842589263688E /* MaterialIcons.ttf in Resources */,
				5ADB536DD7F842CFB93346D2 /* Octicons.ttf in Resources */,
				A8B04382477D4565801BCAFD /* SimpleLineIcons.ttf in Resources */,
				4325B568F0DF4A978FED5EA5 /* Zocial.ttf in Resources */,
				9DDF76AF63CD4E5C9C6E1593 /* BurlingamePro-BoldItalic.ttf in Resources */,
				6D909C9C41474E0094C610EA /* BurlingamePro-CnSemiBoldIt.ttf in Resources */,
				D4085B592E0849A2A59EC939 /* BurlingamePro-CondBlack.ttf in Resources */,
				A5E77EDF8CA543B6B74AA097 /* BurlingamePro-CondBlackIt.ttf in Resources */,
				8BCE00FB83644F17BA614CA3 /* BurlingamePro-CondBold.ttf in Resources */,
				9B0C18DA3A4B4CF2B9B024F2 /* BurlingamePro-CondMedium.ttf in Resources */,
				B615543C6F4546069E8FB31A /* BurlingamePro-CondSemiBold.ttf in Resources */,
				8D2CD6B0A3C74B2B8CF0C2B1 /* BurlingamePro-Light.ttf in Resources */,
				B64B692D4D6E450A9F26FB78 /* BurlingamePro-LightItalic.ttf in Resources */,
				C83554CC330E48F6BF554368 /* BurlingamePro-Medium.ttf in Resources */,
				A883441D930D4B0ABBD3F4CA /* BurlingamePro-MediumItalic.ttf in Resources */,
				189C14265DEF4ABC95FC8A10 /* BurlingamePro-Regular.ttf in Resources */,
				AE90E2E3C64C4D26AF8F9D0E /* BurlingamePro-SemiBold.ttf in Resources */,
				14E936E4DC0B4C41A17B44A8 /* BurlingamePro-SemiBoldIt.ttf in Resources */,
				362A8757ED7B492DA37D439E /* BurlingamePro-Thin.ttf in Resources */,
			);
			runOnlyForDeploymentPostprocessing = 0;
		};
/* End PBXResourcesBuildPhase section */

/* Begin PBXShellScriptBuildPhase section */
		00DD1BFF1BD5951E006B06BC /* Bundle React Native code and images */ = {
			isa = PBXShellScriptBuildPhase;
			buildActionMask = 2147483647;
			files = (
			);
			inputPaths = (
			);
			name = "Bundle React Native code and images";
			outputPaths = (
			);
			runOnlyForDeploymentPostprocessing = 0;
			shellPath = /bin/sh;
			shellScript = "set -e\n\nexport NODE_BINARY=node\n../node_modules/react-native/scripts/react-native-xcode.sh\n";
		};
		209067FCC421757E0E06324B /* [CP] Check Pods Manifest.lock */ = {
			isa = PBXShellScriptBuildPhase;
			buildActionMask = 2147483647;
			files = (
			);
			inputFileListPaths = (
			);
			inputPaths = (
				"${PODS_PODFILE_DIR_PATH}/Podfile.lock",
				"${PODS_ROOT}/Manifest.lock",
			);
			name = "[CP] Check Pods Manifest.lock";
			outputFileListPaths = (
			);
			outputPaths = (
				"$(DERIVED_FILE_DIR)/Pods-finDiary-checkManifestLockResult.txt",
			);
			runOnlyForDeploymentPostprocessing = 0;
			shellPath = /bin/sh;
			shellScript = "diff \"${PODS_PODFILE_DIR_PATH}/Podfile.lock\" \"${PODS_ROOT}/Manifest.lock\" > /dev/null\nif [ $? != 0 ] ; then\n    # print error to STDERR\n    echo \"error: The sandbox is not in sync with the Podfile.lock. Run 'pod install' or update your CocoaPods installation.\" >&2\n    exit 1\nfi\n# This output is used by Xcode 'outputs' to avoid re-running this script phase.\necho \"SUCCESS\" > \"${SCRIPT_OUTPUT_FILE_0}\"\n";
			showEnvVarsInLog = 0;
		};
		466398098D55863BBC709829 /* [CP] Check Pods Manifest.lock */ = {
			isa = PBXShellScriptBuildPhase;
			buildActionMask = 2147483647;
			files = (
			);
			inputFileListPaths = (
			);
			inputPaths = (
				"${PODS_PODFILE_DIR_PATH}/Podfile.lock",
				"${PODS_ROOT}/Manifest.lock",
			);
			name = "[CP] Check Pods Manifest.lock";
			outputFileListPaths = (
			);
			outputPaths = (
				"$(DERIVED_FILE_DIR)/Pods-finDiary-finDiaryTests-checkManifestLockResult.txt",
			);
			runOnlyForDeploymentPostprocessing = 0;
			shellPath = /bin/sh;
			shellScript = "diff \"${PODS_PODFILE_DIR_PATH}/Podfile.lock\" \"${PODS_ROOT}/Manifest.lock\" > /dev/null\nif [ $? != 0 ] ; then\n    # print error to STDERR\n    echo \"error: The sandbox is not in sync with the Podfile.lock. Run 'pod install' or update your CocoaPods installation.\" >&2\n    exit 1\nfi\n# This output is used by Xcode 'outputs' to avoid re-running this script phase.\necho \"SUCCESS\" > \"${SCRIPT_OUTPUT_FILE_0}\"\n";
			showEnvVarsInLog = 0;
		};
		5F0126DBD4CD5715DB1CF339 /* [CP] Copy Pods Resources */ = {
			isa = PBXShellScriptBuildPhase;
			buildActionMask = 2147483647;
			files = (
			);
			inputFileListPaths = (
				"${PODS_ROOT}/Target Support Files/Pods-finDiary-finDiaryTests/Pods-finDiary-finDiaryTests-resources-${CONFIGURATION}-input-files.xcfilelist",
			);
			name = "[CP] Copy Pods Resources";
			outputFileListPaths = (
				"${PODS_ROOT}/Target Support Files/Pods-finDiary-finDiaryTests/Pods-finDiary-finDiaryTests-resources-${CONFIGURATION}-output-files.xcfilelist",
			);
			runOnlyForDeploymentPostprocessing = 0;
			shellPath = /bin/sh;
			shellScript = "\"${PODS_ROOT}/Target Support Files/Pods-finDiary-finDiaryTests/Pods-finDiary-finDiaryTests-resources.sh\"\n";
			showEnvVarsInLog = 0;
		};
		84A94F3D73E587D71A323B48 /* [CP] Copy Pods Resources */ = {
			isa = PBXShellScriptBuildPhase;
			buildActionMask = 2147483647;
			files = (
			);
			inputFileListPaths = (
			);
			name = "[CP] Copy Pods Resources";
			outputFileListPaths = (
			);
			runOnlyForDeploymentPostprocessing = 0;
			shellPath = /bin/sh;
			shellScript = "\"${PODS_ROOT}/Target Support Files/Pods-finDiary/Pods-finDiary-resources.sh\"\n";
			showEnvVarsInLog = 0;
		};
		E31893BA6354536DDE8A886B /* [CP] Embed Pods Frameworks */ = {
			isa = PBXShellScriptBuildPhase;
			buildActionMask = 2147483647;
			files = (
			);
			inputFileListPaths = (
				"${PODS_ROOT}/Target Support Files/Pods-finDiary-finDiaryTests/Pods-finDiary-finDiaryTests-frameworks-${CONFIGURATION}-input-files.xcfilelist",
			);
			name = "[CP] Embed Pods Frameworks";
			outputFileListPaths = (
				"${PODS_ROOT}/Target Support Files/Pods-finDiary-finDiaryTests/Pods-finDiary-finDiaryTests-frameworks-${CONFIGURATION}-output-files.xcfilelist",
			);
			runOnlyForDeploymentPostprocessing = 0;
			shellPath = /bin/sh;
			shellScript = "\"${PODS_ROOT}/Target Support Files/Pods-finDiary-finDiaryTests/Pods-finDiary-finDiaryTests-frameworks.sh\"\n";
			showEnvVarsInLog = 0;
		};
		F4099F86DFF6DB279747EB10 /* [CP] Embed Pods Frameworks */ = {
			isa = PBXShellScriptBuildPhase;
			buildActionMask = 2147483647;
			files = (
			);
			inputFileListPaths = (
				"${PODS_ROOT}/Target Support Files/Pods-finDiary/Pods-finDiary-frameworks-${CONFIGURATION}-input-files.xcfilelist",
			);
			name = "[CP] Embed Pods Frameworks";
			outputFileListPaths = (
				"${PODS_ROOT}/Target Support Files/Pods-finDiary/Pods-finDiary-frameworks-${CONFIGURATION}-output-files.xcfilelist",
			);
			runOnlyForDeploymentPostprocessing = 0;
			shellPath = /bin/sh;
			shellScript = "\"${PODS_ROOT}/Target Support Files/Pods-finDiary/Pods-finDiary-frameworks.sh\"\n";
			showEnvVarsInLog = 0;
		};
		FD10A7F022414F080027D42C /* Start Packager */ = {
			isa = PBXShellScriptBuildPhase;
			buildActionMask = 2147483647;
			files = (
			);
			inputFileListPaths = (
			);
			inputPaths = (
			);
			name = "Start Packager";
			outputFileListPaths = (
			);
			outputPaths = (
			);
			runOnlyForDeploymentPostprocessing = 0;
			shellPath = /bin/sh;
			shellScript = "export RCT_METRO_PORT=\"${RCT_METRO_PORT:=8081}\"\necho \"export RCT_METRO_PORT=${RCT_METRO_PORT}\" > \"${SRCROOT}/../node_modules/react-native/scripts/.packager.env\"\nif [ -z \"${RCT_NO_LAUNCH_PACKAGER+xxx}\" ] ; then\n  if nc -w 5 -z localhost ${RCT_METRO_PORT} ; then\n    if ! curl -s \"http://localhost:${RCT_METRO_PORT}/status\" | grep -q \"packager-status:running\" ; then\n      echo \"Port ${RCT_METRO_PORT} already in use, packager is either not running or not running correctly\"\n      exit 2\n    fi\n  else\n    open \"$SRCROOT/../node_modules/react-native/scripts/launchPackager.command\" || echo \"Can't start packager automatically\"\n  fi\nfi\n";
			showEnvVarsInLog = 0;
		};
/* End PBXShellScriptBuildPhase section */

/* Begin PBXSourcesBuildPhase section */
		00E356EA1AD99517003FC87E /* Sources */ = {
			isa = PBXSourcesBuildPhase;
			buildActionMask = 2147483647;
			files = (
				00E356F31AD99517003FC87E /* finDiaryTests.m in Sources */,
			);
			runOnlyForDeploymentPostprocessing = 0;
		};
		13B07F871A680F5B00A75B9A /* Sources */ = {
			isa = PBXSourcesBuildPhase;
			buildActionMask = 2147483647;
			files = (
				13B07FBC1A68108700A75B9A /* AppDelegate.m in Sources */,
				13B07FC11A68108700A75B9A /* main.m in Sources */,
			);
			runOnlyForDeploymentPostprocessing = 0;
		};
/* End PBXSourcesBuildPhase section */

/* Begin PBXTargetDependency section */
		00E356F51AD99517003FC87E /* PBXTargetDependency */ = {
			isa = PBXTargetDependency;
			target = 13B07F861A680F5B00A75B9A /* finDiary */;
			targetProxy = 00E356F41AD99517003FC87E /* PBXContainerItemProxy */;
		};
/* End PBXTargetDependency section */

/* Begin XCBuildConfiguration section */
		00E356F61AD99517003FC87E /* Debug */ = {
			isa = XCBuildConfiguration;
			baseConfigurationReference = D8F27EAFC297633F2A6D2343 /* Pods-finDiary-finDiaryTests.debug.xcconfig */;
			buildSettings = {
				BUNDLE_LOADER = "$(TEST_HOST)";
				GCC_PREPROCESSOR_DEFINITIONS = (
					"DEBUG=1",
					"$(inherited)",
				);
				INFOPLIST_FILE = finDiaryTests/Info.plist;
				IPHONEOS_DEPLOYMENT_TARGET = 10.0;
				LD_RUNPATH_SEARCH_PATHS = (
					"$(inherited)",
					"@executable_path/Frameworks",
					"@loader_path/Frameworks",
				);
				OTHER_LDFLAGS = (
					"-ObjC",
					"-lc++",
					"$(inherited)",
				);
				PRODUCT_BUNDLE_IDENTIFIER = "org.reactjs.native.example.$(PRODUCT_NAME:rfc1034identifier)";
				PRODUCT_NAME = "$(TARGET_NAME)";
				TEST_HOST = "$(BUILT_PRODUCTS_DIR)/finDiary.app/finDiary";
			};
			name = Debug;
		};
		00E356F71AD99517003FC87E /* Release */ = {
			isa = XCBuildConfiguration;
			baseConfigurationReference = 2910CAB25F1B5C5F46F63C68 /* Pods-finDiary-finDiaryTests.release.xcconfig */;
			buildSettings = {
				BUNDLE_LOADER = "$(TEST_HOST)";
				COPY_PHASE_STRIP = NO;
				INFOPLIST_FILE = finDiaryTests/Info.plist;
				IPHONEOS_DEPLOYMENT_TARGET = 10.0;
				LD_RUNPATH_SEARCH_PATHS = (
					"$(inherited)",
					"@executable_path/Frameworks",
					"@loader_path/Frameworks",
				);
				OTHER_LDFLAGS = (
					"-ObjC",
					"-lc++",
					"$(inherited)",
				);
				PRODUCT_BUNDLE_IDENTIFIER = "org.reactjs.native.example.$(PRODUCT_NAME:rfc1034identifier)";
				PRODUCT_NAME = "$(TARGET_NAME)";
				TEST_HOST = "$(BUILT_PRODUCTS_DIR)/finDiary.app/finDiary";
			};
			name = Release;
		};
		13B07F941A680F5B00A75B9A /* Debug */ = {
			isa = XCBuildConfiguration;
			baseConfigurationReference = 5ED0B848510B9990863F4C57 /* Pods-finDiary.debug.xcconfig */;
			buildSettings = {
				ASSETCATALOG_COMPILER_APPICON_NAME = AppIcon;
				CLANG_ENABLE_MODULES = YES;
				CURRENT_PROJECT_VERSION = 1;
				ENABLE_BITCODE = NO;
				INFOPLIST_FILE = finDiary/Info.plist;
				LD_RUNPATH_SEARCH_PATHS = (
					"$(inherited)",
					"@executable_path/Frameworks",
				);
				OTHER_LDFLAGS = (
					"$(inherited)",
					"-ObjC",
					"-lc++",
				);
				PRODUCT_BUNDLE_IDENTIFIER = "org.reactjs.native.example.$(PRODUCT_NAME:rfc1034identifier)";
				PRODUCT_NAME = finDiary;
				SWIFT_OPTIMIZATION_LEVEL = "-Onone";
				SWIFT_VERSION = 5.0;
				VERSIONING_SYSTEM = "apple-generic";
			};
			name = Debug;
		};
		13B07F951A680F5B00A75B9A /* Release */ = {
			isa = XCBuildConfiguration;
			baseConfigurationReference = F31956C5DFDD4BC9D2E6EEA3 /* Pods-finDiary.release.xcconfig */;
			buildSettings = {
				ASSETCATALOG_COMPILER_APPICON_NAME = AppIcon;
				CLANG_ENABLE_MODULES = YES;
				CURRENT_PROJECT_VERSION = 1;
				INFOPLIST_FILE = finDiary/Info.plist;
				LD_RUNPATH_SEARCH_PATHS = (
					"$(inherited)",
					"@executable_path/Frameworks",
				);
				OTHER_LDFLAGS = (
					"$(inherited)",
					"-ObjC",
					"-lc++",
				);
				PRODUCT_BUNDLE_IDENTIFIER = "org.reactjs.native.example.$(PRODUCT_NAME:rfc1034identifier)";
				PRODUCT_NAME = finDiary;
				SWIFT_VERSION = 5.0;
				VERSIONING_SYSTEM = "apple-generic";
			};
			name = Release;
		};
		83CBBA201A601CBA00E9B192 /* Debug */ = {
			isa = XCBuildConfiguration;
			buildSettings = {
				ALWAYS_SEARCH_USER_PATHS = NO;
				CLANG_ANALYZER_LOCALIZABILITY_NONLOCALIZED = YES;
				CLANG_CXX_LANGUAGE_STANDARD = "gnu++0x";
				CLANG_CXX_LIBRARY = "libc++";
				CLANG_ENABLE_MODULES = YES;
				CLANG_ENABLE_OBJC_ARC = YES;
				CLANG_WARN_BLOCK_CAPTURE_AUTORELEASING = YES;
				CLANG_WARN_BOOL_CONVERSION = YES;
				CLANG_WARN_COMMA = YES;
				CLANG_WARN_CONSTANT_CONVERSION = YES;
				CLANG_WARN_DEPRECATED_OBJC_IMPLEMENTATIONS = YES;
				CLANG_WARN_DIRECT_OBJC_ISA_USAGE = YES_ERROR;
				CLANG_WARN_EMPTY_BODY = YES;
				CLANG_WARN_ENUM_CONVERSION = YES;
				CLANG_WARN_INFINITE_RECURSION = YES;
				CLANG_WARN_INT_CONVERSION = YES;
				CLANG_WARN_NON_LITERAL_NULL_CONVERSION = YES;
				CLANG_WARN_OBJC_IMPLICIT_RETAIN_SELF = YES;
				CLANG_WARN_OBJC_LITERAL_CONVERSION = YES;
				CLANG_WARN_OBJC_ROOT_CLASS = YES_ERROR;
				CLANG_WARN_QUOTED_INCLUDE_IN_FRAMEWORK_HEADER = YES;
				CLANG_WARN_RANGE_LOOP_ANALYSIS = YES;
				CLANG_WARN_STRICT_PROTOTYPES = YES;
				CLANG_WARN_SUSPICIOUS_MOVE = YES;
				CLANG_WARN_UNREACHABLE_CODE = YES;
				CLANG_WARN__DUPLICATE_METHOD_MATCH = YES;
				"CODE_SIGN_IDENTITY[sdk=iphoneos*]" = "iPhone Developer";
				COPY_PHASE_STRIP = NO;
				ENABLE_STRICT_OBJC_MSGSEND = YES;
				ENABLE_TESTABILITY = YES;
				"EXCLUDED_ARCHS[sdk=iphonesimulator*]" = "arm64 ";
				GCC_C_LANGUAGE_STANDARD = gnu99;
				GCC_DYNAMIC_NO_PIC = NO;
				GCC_NO_COMMON_BLOCKS = YES;
				GCC_OPTIMIZATION_LEVEL = 0;
				GCC_PREPROCESSOR_DEFINITIONS = (
					"DEBUG=1",
					"$(inherited)",
				);
				GCC_SYMBOLS_PRIVATE_EXTERN = NO;
				GCC_WARN_64_TO_32_BIT_CONVERSION = YES;
				GCC_WARN_ABOUT_RETURN_TYPE = YES_ERROR;
				GCC_WARN_UNDECLARED_SELECTOR = YES;
				GCC_WARN_UNINITIALIZED_AUTOS = YES_AGGRESSIVE;
				GCC_WARN_UNUSED_FUNCTION = YES;
				GCC_WARN_UNUSED_VARIABLE = YES;
				IPHONEOS_DEPLOYMENT_TARGET = 10.0;
				LD_RUNPATH_SEARCH_PATHS = (
					/usr/lib/swift,
					"$(inherited)",
				);
				LIBRARY_SEARCH_PATHS = (
					"\"$(TOOLCHAIN_DIR)/usr/lib/swift/$(PLATFORM_NAME)\"",
					"\"$(TOOLCHAIN_DIR)/usr/lib/swift-5.0/$(PLATFORM_NAME)\"",
					"\"$(inherited)\"",
				);
				MTL_ENABLE_DEBUG_INFO = YES;
				ONLY_ACTIVE_ARCH = YES;
				SDKROOT = iphoneos;
			};
			name = Debug;
		};
		83CBBA211A601CBA00E9B192 /* Release */ = {
			isa = XCBuildConfiguration;
			buildSettings = {
				ALWAYS_SEARCH_USER_PATHS = NO;
				CLANG_ANALYZER_LOCALIZABILITY_NONLOCALIZED = YES;
				CLANG_CXX_LANGUAGE_STANDARD = "gnu++0x";
				CLANG_CXX_LIBRARY = "libc++";
				CLANG_ENABLE_MODULES = YES;
				CLANG_ENABLE_OBJC_ARC = YES;
				CLANG_WARN_BLOCK_CAPTURE_AUTORELEASING = YES;
				CLANG_WARN_BOOL_CONVERSION = YES;
				CLANG_WARN_COMMA = YES;
				CLANG_WARN_CONSTANT_CONVERSION = YES;
				CLANG_WARN_DEPRECATED_OBJC_IMPLEMENTATIONS = YES;
				CLANG_WARN_DIRECT_OBJC_ISA_USAGE = YES_ERROR;
				CLANG_WARN_EMPTY_BODY = YES;
				CLANG_WARN_ENUM_CONVERSION = YES;
				CLANG_WARN_INFINITE_RECURSION = YES;
				CLANG_WARN_INT_CONVERSION = YES;
				CLANG_WARN_NON_LITERAL_NULL_CONVERSION = YES;
				CLANG_WARN_OBJC_IMPLICIT_RETAIN_SELF = YES;
				CLANG_WARN_OBJC_LITERAL_CONVERSION = YES;
				CLANG_WARN_OBJC_ROOT_CLASS = YES_ERROR;
				CLANG_WARN_QUOTED_INCLUDE_IN_FRAMEWORK_HEADER = YES;
				CLANG_WARN_RANGE_LOOP_ANALYSIS = YES;
				CLANG_WARN_STRICT_PROTOTYPES = YES;
				CLANG_WARN_SUSPICIOUS_MOVE = YES;
				CLANG_WARN_UNREACHABLE_CODE = YES;
				CLANG_WARN__DUPLICATE_METHOD_MATCH = YES;
				"CODE_SIGN_IDENTITY[sdk=iphoneos*]" = "iPhone Developer";
				COPY_PHASE_STRIP = YES;
				ENABLE_NS_ASSERTIONS = NO;
				ENABLE_STRICT_OBJC_MSGSEND = YES;
				"EXCLUDED_ARCHS[sdk=iphonesimulator*]" = "arm64 ";
				GCC_C_LANGUAGE_STANDARD = gnu99;
				GCC_NO_COMMON_BLOCKS = YES;
				GCC_WARN_64_TO_32_BIT_CONVERSION = YES;
				GCC_WARN_ABOUT_RETURN_TYPE = YES_ERROR;
				GCC_WARN_UNDECLARED_SELECTOR = YES;
				GCC_WARN_UNINITIALIZED_AUTOS = YES_AGGRESSIVE;
				GCC_WARN_UNUSED_FUNCTION = YES;
				GCC_WARN_UNUSED_VARIABLE = YES;
				IPHONEOS_DEPLOYMENT_TARGET = 10.0;
				LD_RUNPATH_SEARCH_PATHS = (
					/usr/lib/swift,
					"$(inherited)",
				);
				LIBRARY_SEARCH_PATHS = (
					"\"$(TOOLCHAIN_DIR)/usr/lib/swift/$(PLATFORM_NAME)\"",
					"\"$(TOOLCHAIN_DIR)/usr/lib/swift-5.0/$(PLATFORM_NAME)\"",
					"\"$(inherited)\"",
				);
				MTL_ENABLE_DEBUG_INFO = NO;
				SDKROOT = iphoneos;
				VALIDATE_PRODUCT = YES;
			};
			name = Release;
		};
/* End XCBuildConfiguration section */

/* Begin XCConfigurationList section */
		00E357021AD99517003FC87E /* Build configuration list for PBXNativeTarget "finDiaryTests" */ = {
			isa = XCConfigurationList;
			buildConfigurations = (
				00E356F61AD99517003FC87E /* Debug */,
				00E356F71AD99517003FC87E /* Release */,
			);
			defaultConfigurationIsVisible = 0;
			defaultConfigurationName = Release;
		};
		13B07F931A680F5B00A75B9A /* Build configuration list for PBXNativeTarget "finDiary" */ = {
			isa = XCConfigurationList;
			buildConfigurations = (
				13B07F941A680F5B00A75B9A /* Debug */,
				13B07F951A680F5B00A75B9A /* Release */,
			);
			defaultConfigurationIsVisible = 0;
			defaultConfigurationName = Release;
		};
		83CBB9FA1A601CBA00E9B192 /* Build configuration list for PBXProject "finDiary" */ = {
			isa = XCConfigurationList;
			buildConfigurations = (
				83CBBA201A601CBA00E9B192 /* Debug */,
				83CBBA211A601CBA00E9B192 /* Release */,
			);
			defaultConfigurationIsVisible = 0;
			defaultConfigurationName = Release;
		};
/* End XCConfigurationList section */
	};
	rootObject = 83CBB9F71A601CBA00E9B192 /* Project object */;
}
